
Microsoft Visual Studio Solution File, Format Version 12.00
# Visual Studio Version 17
VisualStudioVersion = 17.13.35931.197
MinimumVisualStudioVersion = 10.0.40219.1
Project("{FAE04EC0-301F-11D3-BF4B-00C04F79EFBC}") = "Lab3", "Lab3.csproj", "{608539F8-EA1D-48A3-BEF2-638D2C2DDCD2}"
EndProject
Global
	GlobalSection(SolutionConfigurationPlatforms) = preSolution
		Debug|Any CPU = Debug|Any CPU
		Release|Any CPU = Release|Any CPU
	EndGlobalSection
	GlobalSection(ProjectConfigurationPlatforms) = postSolution
		{608539F8-EA1D-48A3-BEF2-638D2C2DDCD2}.Debug|Any CPU.ActiveCfg = Debug|Any CPU
		{608539F8-EA1D-48A3-BEF2-638D2C2DDCD2}.Debug|Any CPU.Build.0 = Debug|Any CPU
		{608539F8-EA1D-48A3-BEF2-638D2C2DDCD2}.Release|Any CPU.ActiveCfg = Release|Any CPU
		{608539F8-EA1D-48A3-BEF2-638D2C2DDCD2}.Release|Any CPU.Build.0 = Release|Any CPU
	EndGlobalSection
	GlobalSection(SolutionProperties) = preSolution
		HideSolutionNode = FALSE
	EndGlobalSection
	GlobalSection(ExtensibilityGlobals) = postSolution
		SolutionGuid = {08DEF82D-0555-450A-BE30-A6284DEF8865}
	EndGlobalSection
EndGlobal
